
Microsoft Visual Studio Solution File, Format Version 12.00
# Visual Studio 15
VisualStudioVersion = 15.0.28307.489
MinimumVisualStudioVersion = 10.0.40219.1
Project("{FAE04EC0-301F-11D3-BF4B-00C04F79EFBC}") = "UniversitySchedule", "UniversitySchedule\UniversitySchedule.csproj", "{6111A3E5-D95D-4E22-8D28-4E15F7A966BC}"
EndProject
Global
	GlobalSection(SolutionConfigurationPlatforms) = preSolution
		Debug|Any CPU = Debug|Any CPU
		Release|Any CPU = Release|Any CPU
	EndGlobalSection
	GlobalSection(ProjectConfigurationPlatforms) = postSolution
		{6111A3E5-D95D-4E22-8D28-4E15F7A966BC}.Debug|Any CPU.ActiveCfg = Debug|Any CPU
		{6111A3E5-D95D-4E22-8D28-4E15F7A966BC}.Debug|Any CPU.Build.0 = Debug|Any CPU
		{6111A3E5-D95D-4E22-8D28-4E15F7A966BC}.Release|Any CPU.ActiveCfg = Release|Any CPU
		{6111A3E5-D95D-4E22-8D28-4E15F7A966BC}.Release|Any CPU.Build.0 = Release|Any CPU
	EndGlobalSection
	GlobalSection(SolutionProperties) = preSolution
		HideSolutionNode = FALSE
	EndGlobalSection
	GlobalSection(ExtensibilityGlobals) = postSolution
		SolutionGuid = {1A43959E-69EB-42F0-B57E-254F64F38F68}
	EndGlobalSection
EndGlobal
